
Microsoft Visual Studio Solution File, Format Version 12.00
# Visual Studio 2013
VisualStudioVersion = 12.0.30501.0
MinimumVisualStudioVersion = 10.0.40219.1
Project("{FAE04EC0-301F-11D3-BF4B-00C04F79EFBC}") = "XNAControls", "..\XNAControls\XNAControls.csproj", "{EA2FBA5A-4CCA-47B8-80E1-489FFC707123}"
EndProject
Project("{FAE04EC0-301F-11D3-BF4B-00C04F79EFBC}") = "Assets", "Assets\Assets.contentproj", "{8EAAB893-712C-48EB-A0CE-1EFD67D1498C}"
EndProject
Project("{FAE04EC0-301F-11D3-BF4B-00C04F79EFBC}") = "CommonCode.GameLogic", "..\CommonCode\src\CommonCode.GameLogic\CommonCode.GameLogic.csproj", "{2F2CEB01-04A8-4B71-BF79-C6B55DBFB696}"
EndProject
Project("{FAE04EC0-301F-11D3-BF4B-00C04F79EFBC}") = "CommonCode.Networking", "..\CommonCode\src\CommonCode.Networking\CommonCode.Networking.csproj", "{CEF84914-E316-4B29-B238-A9CFE45E3E09}"
EndProject
Project("{FAE04EC0-301F-11D3-BF4B-00C04F79EFBC}") = "GameClient", "src\GameClient\GameClient.csproj", "{C03FA185-874E-422D-9C2A-3D2825F6608B}"
EndProject
Global
	GlobalSection(SolutionConfigurationPlatforms) = preSolution
		Debug|Any CPU = Debug|Any CPU
		Debug|Mixed Platforms = Debug|Mixed Platforms
		Debug|x86 = Debug|x86
		Release|Any CPU = Release|Any CPU
		Release|Mixed Platforms = Release|Mixed Platforms
		Release|x86 = Release|x86
	EndGlobalSection
	GlobalSection(ProjectConfigurationPlatforms) = postSolution
		{EA2FBA5A-4CCA-47B8-80E1-489FFC707123}.Debug|Any CPU.ActiveCfg = Debug|Any CPU
		{EA2FBA5A-4CCA-47B8-80E1-489FFC707123}.Debug|Any CPU.Build.0 = Debug|Any CPU
		{EA2FBA5A-4CCA-47B8-80E1-489FFC707123}.Debug|Mixed Platforms.ActiveCfg = Debug|Any CPU
		{EA2FBA5A-4CCA-47B8-80E1-489FFC707123}.Debug|Mixed Platforms.Build.0 = Debug|Any CPU
		{EA2FBA5A-4CCA-47B8-80E1-489FFC707123}.Debug|x86.ActiveCfg = Debug|Any CPU
		{EA2FBA5A-4CCA-47B8-80E1-489FFC707123}.Release|Any CPU.ActiveCfg = Release|Any CPU
		{EA2FBA5A-4CCA-47B8-80E1-489FFC707123}.Release|Any CPU.Build.0 = Release|Any CPU
		{EA2FBA5A-4CCA-47B8-80E1-489FFC707123}.Release|Mixed Platforms.ActiveCfg = Release|Any CPU
		{EA2FBA5A-4CCA-47B8-80E1-489FFC707123}.Release|Mixed Platforms.Build.0 = Release|Any CPU
		{EA2FBA5A-4CCA-47B8-80E1-489FFC707123}.Release|x86.ActiveCfg = Release|Any CPU
		{8EAAB893-712C-48EB-A0CE-1EFD67D1498C}.Debug|Any CPU.ActiveCfg = Debug|x86
		{8EAAB893-712C-48EB-A0CE-1EFD67D1498C}.Debug|Mixed Platforms.ActiveCfg = Debug|x86
		{8EAAB893-712C-48EB-A0CE-1EFD67D1498C}.Debug|x86.ActiveCfg = Debug|x86
		{8EAAB893-712C-48EB-A0CE-1EFD67D1498C}.Release|Any CPU.ActiveCfg = Release|x86
		{8EAAB893-712C-48EB-A0CE-1EFD67D1498C}.Release|Mixed Platforms.ActiveCfg = Release|x86
		{8EAAB893-712C-48EB-A0CE-1EFD67D1498C}.Release|x86.ActiveCfg = Release|x86
		{2F2CEB01-04A8-4B71-BF79-C6B55DBFB696}.Debug|Any CPU.ActiveCfg = Debug|Any CPU
		{2F2CEB01-04A8-4B71-BF79-C6B55DBFB696}.Debug|Any CPU.Build.0 = Debug|Any CPU
		{2F2CEB01-04A8-4B71-BF79-C6B55DBFB696}.Debug|Mixed Platforms.ActiveCfg = Debug|Any CPU
		{2F2CEB01-04A8-4B71-BF79-C6B55DBFB696}.Debug|Mixed Platforms.Build.0 = Debug|Any CPU
		{2F2CEB01-04A8-4B71-BF79-C6B55DBFB696}.Debug|x86.ActiveCfg = Debug|Any CPU
		{2F2CEB01-04A8-4B71-BF79-C6B55DBFB696}.Release|Any CPU.ActiveCfg = Release|Any CPU
		{2F2CEB01-04A8-4B71-BF79-C6B55DBFB696}.Release|Any CPU.Build.0 = Release|Any CPU
		{2F2CEB01-04A8-4B71-BF79-C6B55DBFB696}.Release|Mixed Platforms.ActiveCfg = Release|Any CPU
		{2F2CEB01-04A8-4B71-BF79-C6B55DBFB696}.Release|Mixed Platforms.Build.0 = Release|Any CPU
		{2F2CEB01-04A8-4B71-BF79-C6B55DBFB696}.Release|x86.ActiveCfg = Release|Any CPU
		{CEF84914-E316-4B29-B238-A9CFE45E3E09}.Debug|Any CPU.ActiveCfg = Debug|Any CPU
		{CEF84914-E316-4B29-B238-A9CFE45E3E09}.Debug|Any CPU.Build.0 = Debug|Any CPU
		{CEF84914-E316-4B29-B238-A9CFE45E3E09}.Debug|Mixed Platforms.ActiveCfg = Debug|Any CPU
		{CEF84914-E316-4B29-B238-A9CFE45E3E09}.Debug|Mixed Platforms.Build.0 = Debug|Any CPU
		{CEF84914-E316-4B29-B238-A9CFE45E3E09}.Debug|x86.ActiveCfg = Debug|Any CPU
		{CEF84914-E316-4B29-B238-A9CFE45E3E09}.Release|Any CPU.ActiveCfg = Release|Any CPU
		{CEF84914-E316-4B29-B238-A9CFE45E3E09}.Release|Any CPU.Build.0 = Release|Any CPU
		{CEF84914-E316-4B29-B238-A9CFE45E3E09}.Release|Mixed Platforms.ActiveCfg = Release|Any CPU
		{CEF84914-E316-4B29-B238-A9CFE45E3E09}.Release|Mixed Platforms.Build.0 = Release|Any CPU
		{CEF84914-E316-4B29-B238-A9CFE45E3E09}.Release|x86.ActiveCfg = Release|Any CPU
		{C03FA185-874E-422D-9C2A-3D2825F6608B}.Debug|Any CPU.ActiveCfg = Debug|x86
		{C03FA185-874E-422D-9C2A-3D2825F6608B}.Debug|Mixed Platforms.ActiveCfg = Debug|x86
		{C03FA185-874E-422D-9C2A-3D2825F6608B}.Debug|Mixed Platforms.Build.0 = Debug|x86
		{C03FA185-874E-422D-9C2A-3D2825F6608B}.Debug|x86.ActiveCfg = Debug|x86
		{C03FA185-874E-422D-9C2A-3D2825F6608B}.Debug|x86.Build.0 = Debug|x86
		{C03FA185-874E-422D-9C2A-3D2825F6608B}.Release|Any CPU.ActiveCfg = Release|x86
		{C03FA185-874E-422D-9C2A-3D2825F6608B}.Release|Mixed Platforms.ActiveCfg = Release|x86
		{C03FA185-874E-422D-9C2A-3D2825F6608B}.Release|Mixed Platforms.Build.0 = Release|x86
		{C03FA185-874E-422D-9C2A-3D2825F6608B}.Release|x86.ActiveCfg = Release|x86
		{C03FA185-874E-422D-9C2A-3D2825F6608B}.Release|x86.Build.0 = Release|x86
	EndGlobalSection
	GlobalSection(SolutionProperties) = preSolution
		HideSolutionNode = FALSE
	EndGlobalSection
EndGlobal
